
Microsoft Visual Studio Solution File, Format Version 12.00
# Visual Studio Version 17
VisualStudioVersion = 17.11.35327.3
MinimumVisualStudioVersion = 10.0.40219.1
Project("{9A19103F-16F7-4668-BE54-9A1E7A4F7556}") = "ProjectGSMAUI.Api", "ProjectGSMAUI.Api\ProjectGSMAUI.Api.csproj", "{0106CB1E-7AE6-4B21-A032-693C58DDB861}"
EndProject
Project("{9A19103F-16F7-4668-BE54-9A1E7A4F7556}") = "ProjectGSMAUI.Shared", "ProjectGSMAUI.Shared\ProjectGSMAUI.Shared.csproj", "{6C5025E6-057B-425F-A038-6A650CADBD59}"
EndProject
Project("{9A19103F-16F7-4668-BE54-9A1E7A4F7556}") = "ProjectGSMVC", "ProjectGSMVC\ProjectGSMVC.csproj", "{266701B6-92B9-4CCB-BA14-B62AC8B62D53}"
EndProject
Project("{9A19103F-16F7-4668-BE54-9A1E7A4F7556}") = "ProjectGS", "C:\Users\nguye\source\repos\ProjectGS\ProjectGS\ProjectGS.csproj", "{1D226298-6BFB-49F4-9236-31A48E426ABE}"
EndProject
Global
	GlobalSection(SolutionConfigurationPlatforms) = preSolution
		Debug|Any CPU = Debug|Any CPU
		Release|Any CPU = Release|Any CPU
	EndGlobalSection
	GlobalSection(ProjectConfigurationPlatforms) = postSolution
		{0106CB1E-7AE6-4B21-A032-693C58DDB861}.Debug|Any CPU.ActiveCfg = Debug|Any CPU
		{0106CB1E-7AE6-4B21-A032-693C58DDB861}.Debug|Any CPU.Build.0 = Debug|Any CPU
		{0106CB1E-7AE6-4B21-A032-693C58DDB861}.Release|Any CPU.ActiveCfg = Release|Any CPU
		{0106CB1E-7AE6-4B21-A032-693C58DDB861}.Release|Any CPU.Build.0 = Release|Any CPU
		{6C5025E6-057B-425F-A038-6A650CADBD59}.Debug|Any CPU.ActiveCfg = Debug|Any CPU
		{6C5025E6-057B-425F-A038-6A650CADBD59}.Debug|Any CPU.Build.0 = Debug|Any CPU
		{6C5025E6-057B-425F-A038-6A650CADBD59}.Release|Any CPU.ActiveCfg = Release|Any CPU
		{6C5025E6-057B-425F-A038-6A650CADBD59}.Release|Any CPU.Build.0 = Release|Any CPU
		{266701B6-92B9-4CCB-BA14-B62AC8B62D53}.Debug|Any CPU.ActiveCfg = Debug|Any CPU
		{266701B6-92B9-4CCB-BA14-B62AC8B62D53}.Debug|Any CPU.Build.0 = Debug|Any CPU
		{266701B6-92B9-4CCB-BA14-B62AC8B62D53}.Release|Any CPU.ActiveCfg = Release|Any CPU
		{266701B6-92B9-4CCB-BA14-B62AC8B62D53}.Release|Any CPU.Build.0 = Release|Any CPU
		{1D226298-6BFB-49F4-9236-31A48E426ABE}.Debug|Any CPU.ActiveCfg = Debug|Any CPU
		{1D226298-6BFB-49F4-9236-31A48E426ABE}.Debug|Any CPU.Build.0 = Debug|Any CPU
		{1D226298-6BFB-49F4-9236-31A48E426ABE}.Debug|Any CPU.Deploy.0 = Debug|Any CPU
		{1D226298-6BFB-49F4-9236-31A48E426ABE}.Release|Any CPU.ActiveCfg = Release|Any CPU
		{1D226298-6BFB-49F4-9236-31A48E426ABE}.Release|Any CPU.Build.0 = Release|Any CPU
	EndGlobalSection
	GlobalSection(SolutionProperties) = preSolution
		HideSolutionNode = FALSE
	EndGlobalSection
	GlobalSection(ExtensibilityGlobals) = postSolution
		SolutionGuid = {05D415DE-FBC0-4C97-AA81-BBE10AC31E57}
	EndGlobalSection
EndGlobal
